
Microsoft Visual Studio Solution File, Format Version 12.00
# Visual Studio Version 17
VisualStudioVersion = 17.0.31903.59
MinimumVisualStudioVersion = 10.0.40219.1
Project("{FAE04EC0-301F-11D3-BF4B-00C04F79EFBC}") = "BusDrivingSimulator", "BusDrivingSimulator.csproj", "{2B5E5F8A-7C3D-4E9F-8B2A-1D4E5F6A7B8C}"
EndProject
Global
	GlobalSection(SolutionConfigurationPlatforms) = preSolution
		Debug|Any CPU = Debug|Any CPU
		ExportDebug|Any CPU = ExportDebug|Any CPU
		ExportRelease|Any CPU = ExportRelease|Any CPU
	EndGlobalSection
	GlobalSection(ProjectConfigurationPlatforms) = postSolution
		{2B5E5F8A-7C3D-4E9F-8B2A-1D4E5F6A7B8C}.Debug|Any CPU.ActiveCfg = Debug|Any CPU
		{2B5E5F8A-7C3D-4E9F-8B2A-1D4E5F6A7B8C}.Debug|Any CPU.Build.0 = Debug|Any CPU
		{2B5E5F8A-7C3D-4E9F-8B2A-1D4E5F6A7B8C}.ExportDebug|Any CPU.ActiveCfg = ExportDebug|Any CPU
		{2B5E5F8A-7C3D-4E9F-8B2A-1D4E5F6A7B8C}.ExportDebug|Any CPU.Build.0 = ExportDebug|Any CPU
		{2B5E5F8A-7C3D-4E9F-8B2A-1D4E5F6A7B8C}.ExportRelease|Any CPU.ActiveCfg = ExportRelease|Any CPU
		{2B5E5F8A-7C3D-4E9F-8B2A-1D4E5F6A7B8C}.ExportRelease|Any CPU.Build.0 = ExportRelease|Any CPU
	EndGlobalSection
EndGlobal
